PODS:
  - Alamofire (5.4.4)
  - Kingfisher (7.1.1)
  - SwiftSpinner (2.2.0)

DEPENDENCIES:
  - Alamofire (~> 5.4)
  - Kingfisher (~> 7.0)
  - SwiftSpinner

SPEC REPOS:
  trunk:
    - Alamofire
    - Kingfisher
    - SwiftSpinner

SPEC CHECKSUMS:
  Alamofire: f3b09a368f1582ab751b3fff5460276e0d2cf5c9
  Kingfisher: f738f9c4a3415823b8e2985d10aa2d6a9f37bc4d
  SwiftSpinner: f9b59477fe107427f2b5b835497d6636fa167ede

PODFILE CHECKSUM: a3a9cf2b60b5156da58da778bb5d96322d5e2464

COCOAPODS: 1.9.3
